
Microsoft Visual Studio Solution File, Format Version 12.00
# Visual Studio Version 17
VisualStudioVersion = 17.1.32328.378
MinimumVisualStudioVersion = 10.0.40219.1
Project("{FAE04EC0-301F-11D3-BF4B-00C04F79EFBC}") = "Gas Ordering System", "Gas Ordering System\Gas Ordering System.csproj", "{22BE27B6-580E-4B90-AA91-A31C410305D1}"
EndProject
Global
	GlobalSection(SolutionConfigurationPlatforms) = preSolution
		Debug|Any CPU = Debug|Any CPU
		Release|Any CPU = Release|Any CPU
	EndGlobalSection
	GlobalSection(ProjectConfigurationPlatforms) = postSolution
		{22BE27B6-580E-4B90-AA91-A31C410305D1}.Debug|Any CPU.ActiveCfg = Debug|Any CPU
		{22BE27B6-580E-4B90-AA91-A31C410305D1}.Debug|Any CPU.Build.0 = Debug|Any CPU
		{22BE27B6-580E-4B90-AA91-A31C410305D1}.Release|Any CPU.ActiveCfg = Release|Any CPU
		{22BE27B6-580E-4B90-AA91-A31C410305D1}.Release|Any CPU.Build.0 = Release|Any CPU
	EndGlobalSection
	GlobalSection(SolutionProperties) = preSolution
		HideSolutionNode = FALSE
	EndGlobalSection
	GlobalSection(ExtensibilityGlobals) = postSolution
		SolutionGuid = {B6901C11-0542-47B8-A472-D92EEA904D8D}
	EndGlobalSection
EndGlobal
